dependencies:
  chmorgan/esp-audio-player:
    component_hash: c8ac1998e9af863bc41b57e592f88d1a5791a0f891485122336ddabbf7a65033
    dependencies:
    - name: chmorgan/esp-libhelix-mp3
      registry_url: https://components.espressif.com
      require: private
      version: '>=1.0.0,<2.0.0'
    - name: idf
      require: private
      version: '>=5.0'
    source:
      registry_url: https://components.espressif.com/
      type: service
    version: 1.0.7
  chmorgan/esp-file-iterator:
    component_hash: 327091394b9ef5c2cd395a960ab70ae64479e0a8831cbd9925e38895fad93719
    dependencies:
    - name: idf
      require: private
      version: '>=4.1.0'
    source:
      registry_url: https://components.espressif.com/
      type: service
    version: 1.0.0
  chmorgan/esp-libhelix-mp3:
    component_hash: cbb76089dc2c5749f7b470e2e70aedc44c9da519e04eb9a67d4c7ec275229e53
    dependencies:
    - name: idf
      require: private
      version: '>=4.1.0'
    source:
      registry_url: https://components.espressif.com
      type: service
    version: 1.0.3
  espressif/cbor:
    component_hash: dad9ca860963e930366510a10b422b3125a4fb27b979712ed65efcbcd742de50
    dependencies:
    - name: idf
      require: private
      version: '>=5.0'
    source:
      registry_url: https://components.espressif.com/
      type: service
    version: 0.6.1~4
  espressif/cmake_utilities:
    component_hash: 351350613ceafba240b761b4ea991e0f231ac7a9f59a9ee901f751bddc0bb18f
    dependencies:
    - name: idf
      require: private
      version: '>=4.1'
    source:
      registry_url: https://components.espressif.com
      type: service
    version: 0.5.3
  espressif/esp_codec_dev:
    component_hash: 014948481bda426cd46714f297fe1891711246c62bea288863a8cc8cf13ef1f0
    dependencies:
    - name: idf
      require: private
      version: '>=4.0'
    source:
      registry_url: https://components.espressif.com
      type: service
    version: 1.2.0
  espressif/esp_lcd_touch:
    component_hash: 3f85a7d95af876f1a6ecca8eb90a81614890d0f03a038390804e5a77e2caf862
    dependencies:
    - name: idf
      require: private
      version: '>=4.4.2'
    source:
      registry_url: https://components.espressif.com
      type: service
    version: 1.2.1
  espressif/esp_lcd_touch_gt911:
    component_hash: be02e243d18b9a661bc13b0d22c0a5cfa3f708cf04d6eb059772276c8c8a4d76
    dependencies:
    - name: espressif/esp_lcd_touch
      registry_url: https://components.espressif.com
      require: public
      version: ^1.2.0
    - name: idf
      require: private
      version: '>=4.4.2'
    source:
      registry_url: https://components.espressif.com
      type: service
    version: 1.2.0~1
  espressif/esp_lvgl_port:
    component_hash: f872401524cb645ee6ff1c9242d44fb4ddcfd4d37d7be8b9ed3f4e85a404efcd
    dependencies:
    - name: idf
      require: private
      version: '>=5.1'
    - name: lvgl/lvgl
      registry_url: https://components.espressif.com
      require: public
      version: '>=8,<10'
    source:
      registry_url: https://components.espressif.com
      type: service
    version: 2.7.0
  idf:
    source:
      type: idf
    version: 5.5.1
  joltwallet/littlefs:
    component_hash: 1808d73e99168f6f3c26dd31799a248484762b3a320ec4962dec11a145f4277f
    dependencies:
    - name: idf
      require: private
      version: '>=5.0'
    source:
      registry_url: https://components.espressif.com/
      type: service
    version: 1.20.3
  lvgl/lvgl:
    component_hash: 17e68bfd21f0edf4c3ee838e2273da840bf3930e5dbc3bfa6c1190c3aed41f9f
    dependencies: []
    source:
      registry_url: https://components.espressif.com/
      type: service
    version: 9.4.0
  waveshare/esp32_p4_wifi6_touch_lcd_4b:
    component_hash: 2e8736e067e25de7b93e9105ee69eefba8d0868876a5dcd94af0839f9ce9994b
    dependencies:
    - name: espressif/esp_codec_dev
      registry_url: https://components.espressif.com
      require: public
      version: 1.2.*
    - name: espressif/esp_lcd_touch_gt911
      registry_url: https://components.espressif.com
      require: private
      version: ^1
    - name: espressif/esp_lvgl_port
      registry_url: https://components.espressif.com
      require: public
      version: ^2
    - name: idf
      require: private
      version: '>=5.4'
    - name: lvgl/lvgl
      registry_url: https://components.espressif.com
      require: private
      version: '>=8,<10'
    - name: waveshare/esp_lcd_st7703
      registry_url: https://components.espressif.com
      require: private
      version: '*'
    source:
      registry_url: https://components.espressif.com/
      type: service
    targets:
    - esp32p4
    version: 1.0.1
  waveshare/esp_lcd_st7703:
    component_hash: 0ee99c4d38d5742f554fa10f0cc17a74529d623fb0ebdb0e9bfac1703f1d4442
    dependencies:
    - name: espressif/cmake_utilities
      registry_url: https://components.espressif.com
      require: private
      version: 0.*
    - name: idf
      require: private
      version: '>=5.3'
    source:
      registry_url: https://components.espressif.com
      type: service
    targets:
    - esp32p4
    version: 1.0.5
direct_dependencies:
- chmorgan/esp-audio-player
- chmorgan/esp-file-iterator
- espressif/cbor
- idf
- joltwallet/littlefs
- lvgl/lvgl
- waveshare/esp32_p4_wifi6_touch_lcd_4b
manifest_hash: 0441f77b2680db1eb5c0fa2c3f7f90992fa40ac9ca43b0f5add4f9d3a8bde56b
target: esp32p4
version: 2.0.0
